// !$*UTF8*$!
{
	archiveVersion = 1;
	classes = {
	};
	objectVersion = 50;
	objects = {

/* Begin PBXBuildFile section */
		649971502213C2F10067B088 /* AppDelegate.swift in Sources */ = {isa = PBXBuildFile; fileRef = 6499714F2213C2F10067B088 /* AppDelegate.swift */; };
		649971522213C2F10067B088 /* ViewController.swift in Sources */ = {isa = PBXBuildFile; fileRef = 649971512213C2F10067B088 /* ViewController.swift */; };
		649971552213C2F10067B088 /* Main.storyboard in Resources */ = {isa = PBXBuildFile; fileRef = 649971532213C2F10067B088 /* Main.storyboard */; };
		649971572213C2F40067B088 /* Assets.xcassets in Resources */ = {isa = PBXBuildFile; fileRef = 649971562213C2F40067B088 /* Assets.xcassets */; };
		6499715A2213C2F40067B088 /* LaunchScreen.storyboard in Resources */ = {isa = PBXBuildFile; fileRef = 649971582213C2F40067B088 /* LaunchScreen.storyboard */; };
		649971652213C2F40067B088 /* flixappTests.swift in Sources */ = {isa = PBXBuildFile; fileRef = 649971642213C2F40067B088 /* flixappTests.swift */; };
		649971702213C2F40067B088 /* flixappUITests.swift in Sources */ = {isa = PBXBuildFile; fileRef = 6499716F2213C2F40067B088 /* flixappUITests.swift */; };
/* End PBXBuildFile section */

/* Begin PBXContainerItemProxy section */
		649971612213C2F40067B088 /* PBXContainerItemProxy */ = {
			isa = PBXContainerItemProxy;
			containerPortal = 649971442213C2F00067B088 /* Project object */;
			proxyType = 1;
			remoteGlobalIDString = 6499714B2213C2F10067B088;
			remoteInfo = flixapp;
		};
		6499716C2213C2F40067B088 /* PBXContainerItemProxy */ = {
			isa = PBXContainerItemProxy;
			containerPortal = 649971442213C2F00067B088 /* Project object */;
			proxyType = 1;
			remoteGlobalIDString = 6499714B2213C2F10067B088;
			remoteInfo = flixapp;
		};
/* End PBXContainerItemProxy section */

/* Begin PBXFileReference section */
		6499714C2213C2F10067B088 /* flixapp.app */ = {isa = PBXFileReference; explicitFileType = wrapper.application; includeInIndex = 0; path = flixapp.app; sourceTree = BUILT_PRODUCTS_DIR; };
		6499714F2213C2F10067B088 /* AppDelegate.swift */ = {isa = PBXFileReference; lastKnownFileType = sourcecode.swift; path = AppDelegate.swift; sourceTree = "<group>"; };
		649971512213C2F10067B088 /* ViewController.swift */ = {isa = PBXFileReference; lastKnownFileType = sourcecode.swift; path = ViewController.swift; sourceTree = "<group>"; };
		649971542213C2F10067B088 /* Base */ = {isa = PBXFileReference; lastKnownFileType = file.storyboard; name = Base; path = Base.lproj/Main.storyboard; sourceTree = "<group>"; };
		649971562213C2F40067B088 /* Assets.xcassets */ = {isa = PBXFileReference; lastKnownFileType = folder.assetcatalog; path = Assets.xcassets; sourceTree = "<group>"; };
		649971592213C2F40067B088 /* Base */ = {isa = PBXFileReference; lastKnownFileType = file.storyboard; name = Base; path = Base.lproj/LaunchScreen.storyboard; sourceTree = "<group>"; };
		6499715B2213C2F40067B088 /* Info.plist */ = {isa = PBXFileReference; lastKnownFileType = text.plist.xml; path = Info.plist; sourceTree = "<group>"; };
		649971602213C2F40067B088 /* flixappTests.xctest */ = {isa = PBXFileReference; explicitFileType = wrapper.cfbundle; includeInIndex = 0; path = flixappTests.xctest; sourceTree = BUILT_PRODUCTS_DIR; };
		649971642213C2F40067B088 /* flixappTests.swift */ = {isa = PBXFileReference; lastKnownFileType = sourcecode.swift; path = flixappTests.swift; sourceTree = "<group>"; };
		649971662213C2F40067B088 /* Info.plist */ = {isa = PBXFileReference; lastKnownFileType = text.plist.xml; path = Info.plist; sourceTree = "<group>"; };
		6499716B2213C2F40067B088 /* flixappUITests.xctest */ = {isa = PBXFileReference; explicitFileType = wrapper.cfbundle; includeInIndex = 0; path = flixappUITests.xctest; sourceTree = BUILT_PRODUCTS_DIR; };
		6499716F2213C2F40067B088 /* flixappUITests.swift */ = {isa = PBXFileReference; lastKnownFileType = sourcecode.swift; path = flixappUITests.swift; sourceTree = "<group>"; };
		649971712213C2F40067B088 /* Info.plist */ = {isa = PBXFileReference; lastKnownFileType = text.plist.xml; path = Info.plist; sourceTree = "<group>"; };
/* End PBXFileReference section */

/* Begin PBXFrameworksBuildPhase section */
		649971492213C2F10067B088 /* Frameworks */ = {
			isa = PBXFrameworksBuildPhase;
			buildActionMask = 2147483647;
			files = (
			);
			runOnlyForDeploymentPostprocessing = 0;
		};
		6499715D2213C2F40067B088 /* Frameworks */ = {
			isa = PBXFrameworksBuildPhase;
			buildActionMask = 2147483647;
			files = (
			);
			runOnlyForDeploymentPostprocessing = 0;
		};
		649971682213C2F40067B088 /* Frameworks */ = {
			isa = PBXFrameworksBuildPhase;
			buildActionMask = 2147483647;
			files = (
			);
			runOnlyForDeploymentPostprocessing = 0;
		};
/* End PBXFrameworksBuildPhase section */

/* Begin PBXGroup section */
		649971432213C2F00067B088 = {
			isa = PBXGroup;
			children = (
				6499714E2213C2F10067B088 /* flixapp */,
				649971632213C2F40067B088 /* flixappTests */,
				6499716E2213C2F40067B088 /* flixappUITests */,
				6499714D2213C2F10067B088 /* Products */,
			);
			sourceTree = "<group>";
		};
		6499714D2213C2F10067B088 /* Products */ = {
			isa = PBXGroup;
			children = (
				6499714C2213C2F10067B088 /* flixapp.app */,
				649971602213C2F40067B088 /* flixappTests.xctest */,
				6499716B2213C2F40067B088 /* flixappUITests.xctest */,
			);
			name = Products;
			sourceTree = "<group>";
		};
		6499714E2213C2F10067B088 /* flixapp */ = {
			isa = PBXGroup;
			children = (
				6499714F2213C2F10067B088 /* AppDelegate.swift */,
				649971512213C2F10067B088 /* ViewController.swift */,
				649971532213C2F10067B088 /* Main.storyboard */,
				649971562213C2F40067B088 /* Assets.xcassets */,
				649971582213C2F40067B088 /* LaunchScreen.storyboard */,
				6499715B2213C2F40067B088 /* Info.plist */,
			);
			path = flixapp;
			sourceTree = "<group>";
		};
		649971632213C2F40067B088 /* flixappTests */ = {
			isa = PBXGroup;
			children = (
				649971642213C2F40067B088 /* flixappTests.swift */,
				649971662213C2F40067B088 /* Info.plist */,
			);
			path = flixappTests;
			sourceTree = "<group>";
		};
		6499716E2213C2F40067B088 /* flixappUITests */ = {
			isa = PBXGroup;
			children = (
				6499716F2213C2F40067B088 /* flixappUITests.swift */,
				649971712213C2F40067B088 /* Info.plist */,
			);
			path = flixappUITests;
			sourceTree = "<group>";
		};
/* End PBXGroup section */

/* Begin PBXNativeTarget section */
		6499714B2213C2F10067B088 /* flixapp */ = {
			isa = PBXNativeTarget;
			buildConfigurationList = 649971742213C2F40067B088 /* Build configuration list for PBXNativeTarget "flixapp" */;
			buildPhases = (
				649971482213C2F10067B088 /* Sources */,
				649971492213C2F10067B088 /* Frameworks */,
				6499714A2213C2F10067B088 /* Resources */,
			);
			buildRules = (
			);
			dependencies = (
			);
			name = flixapp;
			productName = flixapp;
			productReference = 6499714C2213C2F10067B088 /* flixapp.app */;
			productType = "com.apple.product-type.application";
		};
		6499715F2213C2F40067B088 /* flixappTests */ = {
			isa = PBXNativeTarget;
			buildConfigurationList = 649971772213C2F40067B088 /* Build configuration list for PBXNativeTarget "flixappTests" */;
			buildPhases = (
				6499715C2213C2F40067B088 /* Sources */,
				6499715D2213C2F40067B088 /* Frameworks */,
				6499715E2213C2F40067B088 /* Resources */,
			);
			buildRules = (
			);
			dependencies = (
				649971622213C2F40067B088 /* PBXTargetDependency */,
			);
			name = flixappTests;
			productName = flixappTests;
			productReference = 649971602213C2F40067B088 /* flixappTests.xctest */;
			productType = "com.apple.product-type.bundle.unit-test";
		};
		6499716A2213C2F40067B088 /* flixappUITests */ = {
			isa = PBXNativeTarget;
			buildConfigurationList = 6499717A2213C2F40067B088 /* Build configuration list for PBXNativeTarget "flixappUITests" */;
			buildPhases = (
				649971672213C2F40067B088 /* Sources */,
				649971682213C2F40067B088 /* Frameworks */,
				649971692213C2F40067B088 /* Resources */,
			);
			buildRules = (
			);
			dependencies = (
				6499716D2213C2F40067B088 /* PBXTargetDependency */,
			);
			name = flixappUITests;
			productName = flixappUITests;
			productReference = 6499716B2213C2F40067B088 /* flixappUITests.xctest */;
			productType = "com.apple.product-type.bundle.ui-testing";
		};
/* End PBXNativeTarget section */

/* Begin PBXProject section */
		649971442213C2F00067B088 /* Project object */ = {
			isa = PBXProject;
			attributes = {
				LastSwiftUpdateCheck = 1010;
				LastUpgradeCheck = 1010;
				ORGANIZATIONNAME = "echang41@gmail.com";
				TargetAttributes = {
					6499714B2213C2F10067B088 = {
						CreatedOnToolsVersion = 10.1;
					};
					6499715F2213C2F40067B088 = {
						CreatedOnToolsVersion = 10.1;
						TestTargetID = 6499714B2213C2F10067B088;
					};
					6499716A2213C2F40067B088 = {
						CreatedOnToolsVersion = 10.1;
						TestTargetID = 6499714B2213C2F10067B088;
					};
				};
			};
			buildConfigurationList = 649971472213C2F10067B088 /* Build configuration list for PBXProject "flixapp" */;
			compatibilityVersion = "Xcode 9.3";
			developmentRegion = en;
			hasScannedForEncodings = 0;
			knownRegions = (
				en,
				Base,
			);
			mainGroup = 649971432213C2F00067B088;
			productRefGroup = 6499714D2213C2F10067B088 /* Products */;
			projectDirPath = "";
			projectRoot = "";
			targets = (
				6499714B2213C2F10067B088 /* flixapp */,
				6499715F2213C2F40067B088 /* flixappTests */,
				6499716A2213C2F40067B088 /* flixappUITests */,
			);
		};
/* End PBXProject section */

/* Begin PBXResourcesBuildPhase section */
		6499714A2213C2F10067B088 /* Resources */ = {
			isa = PBXResourcesBuildPhase;
			buildActionMask = 2147483647;
			files = (
				6499715A2213C2F40067B088 /* LaunchScreen.storyboard in Resources */,
				649971572213C2F40067B088 /* Assets.xcassets in Resources */,
				649971552213C2F10067B088 /* Main.storyboard in Resources */,
			);
			runOnlyForDeploymentPostprocessing = 0;
		};
		6499715E2213C2F40067B088 /* Resources */ = {
			isa = PBXResourcesBuildPhase;
			buildActionMask = 2147483647;
			files = (
			);
			runOnlyForDeploymentPostprocessing = 0;
		};
		649971692213C2F40067B088 /* Resources */ = {
			isa = PBXResourcesBuildPhase;
			buildActionMask = 2147483647;
			files = (
			);
			runOnlyForDeploymentPostprocessing = 0;
		};
/* End PBXResourcesBuildPhase section */

/* Begin PBXSourcesBuildPhase section */
		649971482213C2F10067B088 /* Sources */ = {
			isa = PBXSourcesBuildPhase;
			buildActionMask = 2147483647;
			files = (
				649971522213C2F10067B088 /* ViewController.swift in Sources */,
				649971502213C2F10067B088 /* AppDelegate.swift in Sources */,
			);
			runOnlyForDeploymentPostprocessing = 0;
		};
		6499715C2213C2F40067B088 /* Sources */ = {
			isa = PBXSourcesBuildPhase;
			buildActionMask = 2147483647;
			files = (
				649971652213C2F40067B088 /* flixappTests.swift in Sources */,
			);
			runOnlyForDeploymentPostprocessing = 0;
		};
		649971672213C2F40067B088 /* Sources */ = {
			isa = PBXSourcesBuildPhase;
			buildActionMask = 2147483647;
			files = (
				649971702213C2F40067B088 /* flixappUITests.swift in Sources */,
			);
			runOnlyForDeploymentPostprocessing = 0;
		};
/* End PBXSourcesBuildPhase section */

/* Begin PBXTargetDependency section */
		649971622213C2F40067B088 /* PBXTargetDependency */ = {
			isa = PBXTargetDependency;
			target = 6499714B2213C2F10067B088 /* flixapp */;
			targetProxy = 649971612213C2F40067B088 /* PBXContainerItemProxy */;
		};
		6499716D2213C2F40067B088 /* PBXTargetDependency */ = {
			isa = PBXTargetDependency;
			target = 6499714B2213C2F10067B088 /* flixapp */;
			targetProxy = 6499716C2213C2F40067B088 /* PBXContainerItemProxy */;
		};
/* End PBXTargetDependency section */

/* Begin PBXVariantGroup section */
		649971532213C2F10067B088 /* Main.storyboard */ = {
			isa = PBXVariantGroup;
			children = (
				649971542213C2F10067B088 /* Base */,
			);
			name = Main.storyboard;
			sourceTree = "<group>";
		};
		649971582213C2F40067B088 /* LaunchScreen.storyboard */ = {
			isa = PBXVariantGroup;
			children = (
				649971592213C2F40067B088 /* Base */,
			);
			name = LaunchScreen.storyboard;
			sourceTree = "<group>";
		};
/* End PBXVariantGroup section */

/* Begin XCBuildConfiguration section */
		649971722213C2F40067B088 /* Debug */ = {
			isa = XCBuildConfiguration;
			buildSettings = {
				ALWAYS_SEARCH_USER_PATHS = NO;
				CLANG_ANALYZER_NONNULL = YES;
				CLANG_ANALYZER_NUMBER_OBJECT_CONVERSION = YES_AGGRESSIVE;
				CLANG_CXX_LANGUAGE_STANDARD = "gnu++14";
				CLANG_CXX_LIBRARY = "libc++";
				CLANG_ENABLE_MODULES = YES;
				CLANG_ENABLE_OBJC_ARC = YES;
				CLANG_ENABLE_OBJC_WEAK = YES;
				CLANG_WARN_BLOCK_CAPTURE_AUTORELEASING = YES;
				CLANG_WARN_BOOL_CONVERSION = YES;
				CLANG_WARN_COMMA = YES;
				CLANG_WARN_CONSTANT_CONVERSION = YES;
				CLANG_WARN_DEPRECATED_OBJC_IMPLEMENTATIONS = YES;
				CLANG_WARN_DIRECT_OBJC_ISA_USAGE = YES_ERROR;
				CLANG_WARN_DOCUMENTATION_COMMENTS = YES;
				CLANG_WARN_EMPTY_BODY = YES;
				CLANG_WARN_ENUM_CONVERSION = YES;
				CLANG_WARN_INFINITE_RECURSION = YES;
				CLANG_WARN_INT_CONVERSION = YES;
				CLANG_WARN_NON_LITERAL_NULL_CONVERSION = YES;
				CLANG_WARN_OBJC_IMPLICIT_RETAIN_SELF = YES;
				CLANG_WARN_OBJC_LITERAL_CONVERSION = YES;
				CLANG_WARN_OBJC_ROOT_CLASS = YES_ERROR;
				CLANG_WARN_RANGE_LOOP_ANALYSIS = YES;
				CLANG_WARN_STRICT_PROTOTYPES = YES;
				CLANG_WARN_SUSPICIOUS_MOVE = YES;
				CLANG_WARN_UNGUARDED_AVAILABILITY = YES_AGGRESSIVE;
				CLANG_WARN_UNREACHABLE_CODE = YES;
				CLANG_WARN__DUPLICATE_METHOD_MATCH = YES;
				CODE_SIGN_IDENTITY = "iPhone Developer";
				COPY_PHASE_STRIP = NO;
				DEBUG_INFORMATION_FORMAT = dwarf;
				ENABLE_STRICT_OBJC_MSGSEND = YES;
				ENABLE_TESTABILITY = YES;
				GCC_C_LANGUAGE_STANDARD = gnu11;
				GCC_DYNAMIC_NO_PIC = NO;
				GCC_NO_COMMON_BLOCKS = YES;
				GCC_OPTIMIZATION_LEVEL = 0;
				GCC_PREPROCESSOR_DEFINITIONS = (
					"DEBUG=1",
					"$(inherited)",
				);
				GCC_WARN_64_TO_32_BIT_CONVERSION = YES;
				GCC_WARN_ABOUT_RETURN_TYPE = YES_ERROR;
				GCC_WARN_UNDECLARED_SELECTOR = YES;
				GCC_WARN_UNINITIALIZED_AUTOS = YES_AGGRESSIVE;
				GCC_WARN_UNUSED_FUNCTION = YES;
				GCC_WARN_UNUSED_VARIABLE = YES;
				IPHONEOS_DEPLOYMENT_TARGET = 12.1;
				MTL_ENABLE_DEBUG_INFO = INCLUDE_SOURCE;
				MTL_FAST_MATH = YES;
				ONLY_ACTIVE_ARCH = YES;
				SDKROOT = iphoneos;
				SWIFT_ACTIVE_COMPILATION_CONDITIONS = DEBUG;
				SWIFT_OPTIMIZATION_LEVEL = "-Onone";
			};
			name = Debug;
		};
		649971732213C2F40067B088 /* Release */ = {
			isa = XCBuildConfiguration;
			buildSettings = {
				ALWAYS_SEARCH_USER_PATHS = NO;
				CLANG_ANALYZER_NONNULL = YES;
				CLANG_ANALYZER_NUMBER_OBJECT_CONVERSION = YES_AGGRESSIVE;
				CLANG_CXX_LANGUAGE_STANDARD = "gnu++14";
				CLANG_CXX_LIBRARY = "libc++";
				CLANG_ENABLE_MODULES = YES;
				CLANG_ENABLE_OBJC_ARC = YES;
				CLANG_ENABLE_OBJC_WEAK = YES;
				CLANG_WARN_BLOCK_CAPTURE_AUTORELEASING = YES;
				CLANG_WARN_BOOL_CONVERSION = YES;
				CLANG_WARN_COMMA = YES;
				CLANG_WARN_CONSTANT_CONVERSION = YES;
				CLANG_WARN_DEPRECATED_OBJC_IMPLEMENTATIONS = YES;
				CLANG_WARN_DIRECT_OBJC_ISA_USAGE = YES_ERROR;
				CLANG_WARN_DOCUMENTATION_COMMENTS = YES;
				CLANG_WARN_EMPTY_BODY = YES;
				CLANG_WARN_ENUM_CONVERSION = YES;
				CLANG_WARN_INFINITE_RECURSION = YES;
				CLANG_WARN_INT_CONVERSION = YES;
				CLANG_WARN_NON_LITERAL_NULL_CONVERSION = YES;
				CLANG_WARN_OBJC_IMPLICIT_RETAIN_SELF = YES;
				CLANG_WARN_OBJC_LITERAL_CONVERSION = YES;
				CLANG_WARN_OBJC_ROOT_CLASS = YES_ERROR;
				CLANG_WARN_RANGE_LOOP_ANALYSIS = YES;
				CLANG_WARN_STRICT_PROTOTYPES = YES;
				CLANG_WARN_SUSPICIOUS_MOVE = YES;
				CLANG_WARN_UNGUARDED_AVAILABILITY = YES_AGGRESSIVE;
				CLANG_WARN_UNREACHABLE_CODE = YES;
				CLANG_WARN__DUPLICATE_METHOD_MATCH = YES;
				CODE_SIGN_IDENTITY = "iPhone Developer";
				COPY_PHASE_STRIP = NO;
				DEBUG_INFORMATION_FORMAT = "dwarf-with-dsym";
				ENABLE_NS_ASSERTIONS = NO;
				ENABLE_STRICT_OBJC_MSGSEND = YES;
				GCC_C_LANGUAGE_STANDARD = gnu11;
				GCC_NO_COMMON_BLOCKS = YES;
				GCC_WARN_64_TO_32_BIT_CONVERSION = YES;
				GCC_WARN_ABOUT_RETURN_TYPE = YES_ERROR;
				GCC_WARN_UNDECLARED_SELECTOR = YES;
				GCC_WARN_UNINITIALIZED_AUTOS = YES_AGGRESSIVE;
				GCC_WARN_UNUSED_FUNCTION = YES;
				GCC_WARN_UNUSED_VARIABLE = YES;
				IPHONEOS_DEPLOYMENT_TARGET = 12.1;
				MTL_ENABLE_DEBUG_INFO = NO;
				MTL_FAST_MATH = YES;
				SDKROOT = iphoneos;
				SWIFT_COMPILATION_MODE = wholemodule;
				SWIFT_OPTIMIZATION_LEVEL = "-O";
				VALIDATE_PRODUCT = YES;
			};
			name = Release;
		};
		649971752213C2F40067B088 /* Debug */ = {
			isa = XCBuildConfiguration;
			buildSettings = {
				ASSETCATALOG_COMPILER_APPICON_NAME = AppIcon;
				CODE_SIGN_STYLE = Automatic;
				INFOPLIST_FILE = flixapp/Info.plist;
				LD_RUNPATH_SEARCH_PATHS = (
					"$(inherited)",
					"@executable_path/Frameworks",
				);
				PRODUCT_BUNDLE_IDENTIFIER = "Ellis-Chang.flixapp";
				PRODUCT_NAME = "$(TARGET_NAME)";
				SWIFT_VERSION = 4.2;
				TARGETED_DEVICE_FAMILY = "1,2";
			};
			name = Debug;
		};
		649971762213C2F40067B088 /* Release */ = {
			isa = XCBuildConfiguration;
			buildSettings = {
				ASSETCATALOG_COMPILER_APPICON_NAME = AppIcon;
				CODE_SIGN_STYLE = Automatic;
				INFOPLIST_FILE = flixapp/Info.plist;
				LD_RUNPATH_SEARCH_PATHS = (
					"$(inherited)",
					"@executable_path/Frameworks",
				);
				PRODUCT_BUNDLE_IDENTIFIER = "Ellis-Chang.flixapp";
				PRODUCT_NAME = "$(TARGET_NAME)";
				SWIFT_VERSION = 4.2;
				TARGETED_DEVICE_FAMILY = "1,2";
			};
			name = Release;
		};
		649971782213C2F40067B088 /* Debug */ = {
			isa = XCBuildConfiguration;
			buildSettings = {
				ALWAYS_EMBED_SWIFT_STANDARD_LIBRARIES = YES;
				BUNDLE_LOADER = "$(TEST_HOST)";
				CODE_SIGN_STYLE = Automatic;
				INFOPLIST_FILE = flixappTests/Info.plist;
				LD_RUNPATH_SEARCH_PATHS = (
					"$(inherited)",
					"@executable_path/Frameworks",
					"@loader_path/Frameworks",
				);
				PRODUCT_BUNDLE_IDENTIFIER = "Ellis-Chang.flixappTests";
				PRODUCT_NAME = "$(TARGET_NAME)";
				SWIFT_VERSION = 4.2;
				TARGETED_DEVICE_FAMILY = "1,2";
				TEST_HOST = "$(BUILT_PRODUCTS_DIR)/flixapp.app/flixapp";
			};
			name = Debug;
		};
		649971792213C2F40067B088 /* Release */ = {
			isa = XCBuildConfiguration;
			buildSettings = {
				ALWAYS_EMBED_SWIFT_STANDARD_LIBRARIES = YES;
				BUNDLE_LOADER = "$(TEST_HOST)";
				CODE_SIGN_STYLE = Automatic;
				INFOPLIST_FILE = flixappTests/Info.plist;
				LD_RUNPATH_SEARCH_PATHS = (
					"$(inherited)",
					"@executable_path/Frameworks",
					"@loader_path/Frameworks",
				);
				PRODUCT_BUNDLE_IDENTIFIER = "Ellis-Chang.flixappTests";
				PRODUCT_NAME = "$(TARGET_NAME)";
				SWIFT_VERSION = 4.2;
				TARGETED_DEVICE_FAMILY = "1,2";
				TEST_HOST = "$(BUILT_PRODUCTS_DIR)/flixapp.app/flixapp";
			};
			name = Release;
		};
		6499717B2213C2F40067B088 /* Debug */ = {
			isa = XCBuildConfiguration;
			buildSettings = {
				ALWAYS_EMBED_SWIFT_STANDARD_LIBRARIES = YES;
				CODE_SIGN_STYLE = Automatic;
				INFOPLIST_FILE = flixappUITests/Info.plist;
				LD_RUNPATH_SEARCH_PATHS = (
					"$(inherited)",
					"@executable_path/Frameworks",
					"@loader_path/Frameworks",
				);
				PRODUCT_BUNDLE_IDENTIFIER = "Ellis-Chang.flixappUITests";
				PRODUCT_NAME = "$(TARGET_NAME)";
				SWIFT_VERSION = 4.2;
				TARGETED_DEVICE_FAMILY = "1,2";
				TEST_TARGET_NAME = flixapp;
			};
			name = Debug;
		};
		6499717C2213C2F40067B088 /* Release */ = {
			isa = XCBuildConfiguration;
			buildSettings = {
				ALWAYS_EMBED_SWIFT_STANDARD_LIBRARIES = YES;
				CODE_SIGN_STYLE = Automatic;
				INFOPLIST_FILE = flixappUITests/Info.plist;
				LD_RUNPATH_SEARCH_PATHS = (
					"$(inherited)",
					"@executable_path/Frameworks",
					"@loader_path/Frameworks",
				);
				PRODUCT_BUNDLE_IDENTIFIER = "Ellis-Chang.flixappUITests";
				PRODUCT_NAME = "$(TARGET_NAME)";
				SWIFT_VERSION = 4.2;
				TARGETED_DEVICE_FAMILY = "1,2";
				TEST_TARGET_NAME = flixapp;
			};
			name = Release;
		};
/* End XCBuildConfiguration section */

/* Begin XCConfigurationList section */
		649971472213C2F10067B088 /* Build configuration list for PBXProject "flixapp" */ = {
			isa = XCConfigurationList;
			buildConfigurations = (
				649971722213C2F40067B088 /* Debug */,
				649971732213C2F40067B088 /* Release */,
			);
			defaultConfigurationIsVisible = 0;
			defaultConfigurationName = Release;
		};
		649971742213C2F40067B088 /* Build configuration list for PBXNativeTarget "flixapp" */ = {
			isa = XCConfigurationList;
			buildConfigurations = (
				649971752213C2F40067B088 /* Debug */,
				649971762213C2F40067B088 /* Release */,
			);
			defaultConfigurationIsVisible = 0;
			defaultConfigurationName = Release;
		};
		649971772213C2F40067B088 /* Build configuration list for PBXNativeTarget "flixappTests" */ = {
			isa = XCConfigurationList;
			buildConfigurations = (
				649971782213C2F40067B088 /* Debug */,
				649971792213C2F40067B088 /* Release */,
			);
			defaultConfigurationIsVisible = 0;
			defaultConfigurationName = Release;
		};
		6499717A2213C2F40067B088 /* Build configuration list for PBXNativeTarget "flixappUITests" */ = {
			isa = XCConfigurationList;
			buildConfigurations = (
				6499717B2213C2F40067B088 /* Debug */,
				6499717C2213C2F40067B088 /* Release */,
			);
			defaultConfigurationIsVisible = 0;
			defaultConfigurationName = Release;
		};
/* End XCConfigurationList section */
	};
	rootObject = 649971442213C2F00067B088 /* Project object */;
}
